
Microsoft Visual Studio Solution File, Format Version 12.00
# Visual Studio 15
VisualStudioVersion = 15.0.26228.12
MinimumVisualStudioVersion = 10.0.40219.1
Project("{FAE04EC0-301F-11D3-BF4B-00C04F79EFBC}") = "EventService", "EventService\EventService.csproj", "{D21C504D-460B-44D9-8891-130A7E2D61B5}"
EndProject
Project("{FAE04EC0-301F-11D3-BF4B-00C04F79EFBC}") = "Decore.ClientApp", "Decore.ClientApp\Decore.ClientApp.csproj", "{6E687739-5720-42BE-8071-12460CBF9596}"
EndProject
Project("{FAE04EC0-301F-11D3-BF4B-00C04F79EFBC}") = "Decore.Data", "Decore.Data\Decore.Data.csproj", "{E9B843BE-F33C-4C79-8C4D-357BEF8BDB89}"
EndProject
Project("{FAE04EC0-301F-11D3-BF4B-00C04F79EFBC}") = "Decore.Models", "Decore.Models\Decore.Models.csproj", "{9C642D6D-FFC3-4F5B-A6B2-7410B3E9D933}"
EndProject
Project("{FAE04EC0-301F-11D3-BF4B-00C04F79EFBC}") = "TicketService", "TicketService\TicketService.csproj", "{1E1E6071-3CB2-4319-8DD9-3B0628D274FE}"
EndProject
Global
	GlobalSection(SolutionConfigurationPlatforms) = preSolution
		Debug|Any CPU = Debug|Any CPU
		Release|Any CPU = Release|Any CPU
	EndGlobalSection
	GlobalSection(ProjectConfigurationPlatforms) = postSolution
		{D21C504D-460B-44D9-8891-130A7E2D61B5}.Debug|Any CPU.ActiveCfg = Debug|Any CPU
		{D21C504D-460B-44D9-8891-130A7E2D61B5}.Debug|Any CPU.Build.0 = Debug|Any CPU
		{D21C504D-460B-44D9-8891-130A7E2D61B5}.Release|Any CPU.ActiveCfg = Release|Any CPU
		{D21C504D-460B-44D9-8891-130A7E2D61B5}.Release|Any CPU.Build.0 = Release|Any CPU
		{6E687739-5720-42BE-8071-12460CBF9596}.Debug|Any CPU.ActiveCfg = Debug|Any CPU
		{6E687739-5720-42BE-8071-12460CBF9596}.Debug|Any CPU.Build.0 = Debug|Any CPU
		{6E687739-5720-42BE-8071-12460CBF9596}.Release|Any CPU.ActiveCfg = Release|Any CPU
		{6E687739-5720-42BE-8071-12460CBF9596}.Release|Any CPU.Build.0 = Release|Any CPU
		{E9B843BE-F33C-4C79-8C4D-357BEF8BDB89}.Debug|Any CPU.ActiveCfg = Debug|Any CPU
		{E9B843BE-F33C-4C79-8C4D-357BEF8BDB89}.Debug|Any CPU.Build.0 = Debug|Any CPU
		{E9B843BE-F33C-4C79-8C4D-357BEF8BDB89}.Release|Any CPU.ActiveCfg = Release|Any CPU
		{E9B843BE-F33C-4C79-8C4D-357BEF8BDB89}.Release|Any CPU.Build.0 = Release|Any CPU
		{9C642D6D-FFC3-4F5B-A6B2-7410B3E9D933}.Debug|Any CPU.ActiveCfg = Debug|Any CPU
		{9C642D6D-FFC3-4F5B-A6B2-7410B3E9D933}.Debug|Any CPU.Build.0 = Debug|Any CPU
		{9C642D6D-FFC3-4F5B-A6B2-7410B3E9D933}.Release|Any CPU.ActiveCfg = Release|Any CPU
		{9C642D6D-FFC3-4F5B-A6B2-7410B3E9D933}.Release|Any CPU.Build.0 = Release|Any CPU
		{1E1E6071-3CB2-4319-8DD9-3B0628D274FE}.Debug|Any CPU.ActiveCfg = Debug|Any CPU
		{1E1E6071-3CB2-4319-8DD9-3B0628D274FE}.Debug|Any CPU.Build.0 = Debug|Any CPU
		{1E1E6071-3CB2-4319-8DD9-3B0628D274FE}.Release|Any CPU.ActiveCfg = Release|Any CPU
		{1E1E6071-3CB2-4319-8DD9-3B0628D274FE}.Release|Any CPU.Build.0 = Release|Any CPU
	EndGlobalSection
	GlobalSection(SolutionProperties) = preSolution
		HideSolutionNode = FALSE
	EndGlobalSection
EndGlobal
